// !$*UTF8*$!
{
	archiveVersion = 1;
	classes = {
	};
	objectVersion = 56;
	objects = {

/* Begin PBXBuildFile section */
		010444602ACAEC4C004621C6 /* SummitsApp.swift in Sources */ = {isa = PBXBuildFile; fileRef = 0104445F2ACAEC4C004621C6 /* SummitsApp.swift */; };
		010444642ACAEC4F004621C6 /* Assets.xcassets in Resources */ = {isa = PBXBuildFile; fileRef = 010444632ACAEC4F004621C6 /* Assets.xcassets */; };
		010444672ACAEC4F004621C6 /* Preview Assets.xcassets in Resources */ = {isa = PBXBuildFile; fileRef = 010444662ACAEC4F004621C6 /* Preview Assets.xcassets */; };
		0104446E2ACAECB1004621C6 /* SummitsListView.swift in Sources */ = {isa = PBXBuildFile; fileRef = 0104446D2ACAECB1004621C6 /* SummitsListView.swift */; };
		010ECBAF2AD9827100525BC8 /* AccountView.swift in Sources */ = {isa = PBXBuildFile; fileRef = 010ECBAE2AD9827100525BC8 /* AccountView.swift */; };
		010ECBB12AD9AE3400525BC8 /* EmptyState.swift in Sources */ = {isa = PBXBuildFile; fileRef = 010ECBB02AD9AE3400525BC8 /* EmptyState.swift */; };
		01424CA62B5D544000698D3A /* Hike.swift in Sources */ = {isa = PBXBuildFile; fileRef = 01424CA52B5D544000698D3A /* Hike.swift */; };
		01424CA82B5D6E0600698D3A /* HikeDetailView.swift in Sources */ = {isa = PBXBuildFile; fileRef = 01424CA72B5D6E0600698D3A /* HikeDetailView.swift */; };
		01424CAA2B5D6F3900698D3A /* Utils.swift in Sources */ = {isa = PBXBuildFile; fileRef = 01424CA92B5D6F3900698D3A /* Utils.swift */; };
		0168E40A2B6339AD00A15300 /* version.txt in Resources */ = {isa = PBXBuildFile; fileRef = 0168E4092B6339AD00A15300 /* version.txt */; };
		017D830B2B62084300DAB12D /* ElevationView.swift in Sources */ = {isa = PBXBuildFile; fileRef = 017D830A2B62084300DAB12D /* ElevationView.swift */; };
		01828EA92B5EE926009D6D2E /* MapView.swift in Sources */ = {isa = PBXBuildFile; fileRef = 01828EA82B5EE926009D6D2E /* MapView.swift */; };
		01828EAD2B5F198D009D6D2E /* SummitMarker.swift in Sources */ = {isa = PBXBuildFile; fileRef = 01828EAC2B5F198D009D6D2E /* SummitMarker.swift */; };
		01828EAF2B5F1A46009D6D2E /* ActiveSummitView.swift in Sources */ = {isa = PBXBuildFile; fileRef = 01828EAE2B5F1A46009D6D2E /* ActiveSummitView.swift */; };
		01828EB12B5F1CE5009D6D2E /* BackButton.swift in Sources */ = {isa = PBXBuildFile; fileRef = 01828EB02B5F1CE5009D6D2E /* BackButton.swift */; };
		01B4CEB32AD23EDF00B551A5 /* SummitDetailView.swift in Sources */ = {isa = PBXBuildFile; fileRef = 01B4CEB22AD23EDF00B551A5 /* SummitDetailView.swift */; };
		01CC32D72AD2EA0200901008 /* HikeLogView.swift in Sources */ = {isa = PBXBuildFile; fileRef = 01CC32D62AD2EA0200901008 /* HikeLogView.swift */; };
		01D8B8B62B6012D800739761 /* ImagePicker.swift in Sources */ = {isa = PBXBuildFile; fileRef = 01D8B8B52B6012D800739761 /* ImagePicker.swift */; };
		01DF09A92ACB010B00692354 /* Summit.swift in Sources */ = {isa = PBXBuildFile; fileRef = 01DF09A82ACB010B00692354 /* Summit.swift */; };
		01DF09AB2ACB2D0100692354 /* SummitListCell.swift in Sources */ = {isa = PBXBuildFile; fileRef = 01DF09AA2ACB2D0000692354 /* SummitListCell.swift */; };
		01DF09B52ACB62A100692354 /* data.json in Resources */ = {isa = PBXBuildFile; fileRef = 01DF09B02ACB442700692354 /* data.json */; };
		01DF09B92ACBA28700692354 /* SummitListViewModel.swift in Sources */ = {isa = PBXBuildFile; fileRef = 01DF09B82ACBA28700692354 /* SummitListViewModel.swift */; };
		01DF09BB2ACBA4D000692354 /* Alert.swift in Sources */ = {isa = PBXBuildFile; fileRef = 01DF09BA2ACBA4D000692354 /* Alert.swift */; };
		01E5287E2AD42A8A00AF60FB /* HikeLogViewModel.swift in Sources */ = {isa = PBXBuildFile; fileRef = 01E5287D2AD42A8A00AF60FB /* HikeLogViewModel.swift */; };
		01E955BA2B5F3DF500CCDB67 /* SummitListFilter.swift in Sources */ = {isa = PBXBuildFile; fileRef = 01E955B92B5F3DF500CCDB67 /* SummitListFilter.swift */; };
		01E955BE2B5F4F2D00CCDB67 /* Rating.swift in Sources */ = {isa = PBXBuildFile; fileRef = 01E955BD2B5F4F2D00CCDB67 /* Rating.swift */; };
/* End PBXBuildFile section */

/* Begin PBXFileReference section */
		0104445C2ACAEC4C004621C6 /* Summits.app */ = {isa = PBXFileReference; explicitFileType = wrapper.application; includeInIndex = 0; path = Summits.app; sourceTree = BUILT_PRODUCTS_DIR; };
		0104445F2ACAEC4C004621C6 /* SummitsApp.swift */ = {isa = PBXFileReference; lastKnownFileType = sourcecode.swift; path = SummitsApp.swift; sourceTree = "<group>"; };
		010444632ACAEC4F004621C6 /* Assets.xcassets */ = {isa = PBXFileReference; lastKnownFileType = folder.assetcatalog; path = Assets.xcassets; sourceTree = "<group>"; };
		010444662ACAEC4F004621C6 /* Preview Assets.xcassets */ = {isa = PBXFileReference; lastKnownFileType = folder.assetcatalog; path = "Preview Assets.xcassets"; sourceTree = "<group>"; };
		0104446D2ACAECB1004621C6 /* SummitsListView.swift */ = {isa = PBXFileReference; lastKnownFileType = sourcecode.swift; path = SummitsListView.swift; sourceTree = "<group>"; };
		010ECBAE2AD9827100525BC8 /* AccountView.swift */ = {isa = PBXFileReference; lastKnownFileType = sourcecode.swift; path = AccountView.swift; sourceTree = "<group>"; };
		010ECBB02AD9AE3400525BC8 /* EmptyState.swift */ = {isa = PBXFileReference; lastKnownFileType = sourcecode.swift; path = EmptyState.swift; sourceTree = "<group>"; };
		01424CA52B5D544000698D3A /* Hike.swift */ = {isa = PBXFileReference; lastKnownFileType = sourcecode.swift; path = Hike.swift; sourceTree = "<group>"; };
		01424CA72B5D6E0600698D3A /* HikeDetailView.swift */ = {isa = PBXFileReference; lastKnownFileType = sourcecode.swift; path = HikeDetailView.swift; sourceTree = "<group>"; };
		01424CA92B5D6F3900698D3A /* Utils.swift */ = {isa = PBXFileReference; lastKnownFileType = sourcecode.swift; path = Utils.swift; sourceTree = "<group>"; };
		0168E4092B6339AD00A15300 /* version.txt */ = {isa = PBXFileReference; fileEncoding = 4; lastKnownFileType = text; path = version.txt; sourceTree = "<group>"; };
		017D830A2B62084300DAB12D /* ElevationView.swift */ = {isa = PBXFileReference; lastKnownFileType = sourcecode.swift; path = ElevationView.swift; sourceTree = "<group>"; };
		01828EA82B5EE926009D6D2E /* MapView.swift */ = {isa = PBXFileReference; fileEncoding = 4; lastKnownFileType = sourcecode.swift; path = MapView.swift; sourceTree = "<group>"; };
		01828EAC2B5F198D009D6D2E /* SummitMarker.swift */ = {isa = PBXFileReference; lastKnownFileType = sourcecode.swift; path = SummitMarker.swift; sourceTree = "<group>"; };
		01828EAE2B5F1A46009D6D2E /* ActiveSummitView.swift */ = {isa = PBXFileReference; lastKnownFileType = sourcecode.swift; path = ActiveSummitView.swift; sourceTree = "<group>"; };
		01828EB02B5F1CE5009D6D2E /* BackButton.swift */ = {isa = PBXFileReference; lastKnownFileType = sourcecode.swift; path = BackButton.swift; sourceTree = "<group>"; };
		01B4CEB22AD23EDF00B551A5 /* SummitDetailView.swift */ = {isa = PBXFileReference; lastKnownFileType = sourcecode.swift; path = SummitDetailView.swift; sourceTree = "<group>"; };
		01CC32D62AD2EA0200901008 /* HikeLogView.swift */ = {isa = PBXFileReference; lastKnownFileType = sourcecode.swift; path = HikeLogView.swift; sourceTree = "<group>"; };
		01D8B8B52B6012D800739761 /* ImagePicker.swift */ = {isa = PBXFileReference; lastKnownFileType = sourcecode.swift; path = ImagePicker.swift; sourceTree = "<group>"; };
		01DF09A82ACB010B00692354 /* Summit.swift */ = {isa = PBXFileReference; lastKnownFileType = sourcecode.swift; path = Summit.swift; sourceTree = "<group>"; };
		01DF09AA2ACB2D0000692354 /* SummitListCell.swift */ = {isa = PBXFileReference; lastKnownFileType = sourcecode.swift; path = SummitListCell.swift; sourceTree = "<group>"; };
		01DF09B02ACB442700692354 /* data.json */ = {isa = PBXFileReference; lastKnownFileType = text.json; path = data.json; sourceTree = "<group>"; };
		01DF09B42ACB47FF00692354 /* Info.plist */ = {isa = PBXFileReference; lastKnownFileType = text.plist; path = Info.plist; sourceTree = "<group>"; };
		01DF09B82ACBA28700692354 /* SummitListViewModel.swift */ = {isa = PBXFileReference; lastKnownFileType = sourcecode.swift; path = SummitListViewModel.swift; sourceTree = "<group>"; };
		01DF09BA2ACBA4D000692354 /* Alert.swift */ = {isa = PBXFileReference; lastKnownFileType = sourcecode.swift; path = Alert.swift; sourceTree = "<group>"; };
		01E5287D2AD42A8A00AF60FB /* HikeLogViewModel.swift */ = {isa = PBXFileReference; lastKnownFileType = sourcecode.swift; path = HikeLogViewModel.swift; sourceTree = "<group>"; };
		01E955B92B5F3DF500CCDB67 /* SummitListFilter.swift */ = {isa = PBXFileReference; lastKnownFileType = sourcecode.swift; path = SummitListFilter.swift; sourceTree = "<group>"; };
		01E955BD2B5F4F2D00CCDB67 /* Rating.swift */ = {isa = PBXFileReference; lastKnownFileType = sourcecode.swift; path = Rating.swift; sourceTree = "<group>"; };
/* End PBXFileReference section */

/* Begin PBXFrameworksBuildPhase section */
		010444592ACAEC4C004621C6 /* Frameworks */ = {
			isa = PBXFrameworksBuildPhase;
			buildActionMask = 2147483647;
			files = (
			);
			runOnlyForDeploymentPostprocessing = 0;
		};
/* End PBXFrameworksBuildPhase section */

/* Begin PBXGroup section */
		010444532ACAEC4C004621C6 = {
			isa = PBXGroup;
			children = (
				0104445E2ACAEC4C004621C6 /* Summits */,
				0104445D2ACAEC4C004621C6 /* Products */,
			);
			sourceTree = "<group>";
		};
		0104445D2ACAEC4C004621C6 /* Products */ = {
			isa = PBXGroup;
			children = (
				0104445C2ACAEC4C004621C6 /* Summits.app */,
			);
			name = Products;
			sourceTree = "<group>";
		};
		0104445E2ACAEC4C004621C6 /* Summits */ = {
			isa = PBXGroup;
			children = (
				013C91322ACF6B6300E0F79A /* Models */,
				013C91312ACF6AD900E0F79A /* Utilities */,
				013C912E2ACF69EE00E0F79A /* Views */,
				01DF09B62ACBA25200692354 /* Screens */,
				01DF09B42ACB47FF00692354 /* Info.plist */,
				0104445F2ACAEC4C004621C6 /* SummitsApp.swift */,
				010444632ACAEC4F004621C6 /* Assets.xcassets */,
				010444652ACAEC4F004621C6 /* Preview Content */,
				01DF09B02ACB442700692354 /* data.json */,
				0168E4092B6339AD00A15300 /* version.txt */,
			);
			path = Summits;
			sourceTree = "<group>";
		};
		010444652ACAEC4F004621C6 /* Preview Content */ = {
			isa = PBXGroup;
			children = (
				010444662ACAEC4F004621C6 /* Preview Assets.xcassets */,
			);
			path = "Preview Content";
			sourceTree = "<group>";
		};
		010ECBAD2AD9824600525BC8 /* AccountView */ = {
			isa = PBXGroup;
			children = (
				010ECBAE2AD9827100525BC8 /* AccountView.swift */,
			);
			path = AccountView;
			sourceTree = "<group>";
		};
		013C912E2ACF69EE00E0F79A /* Views */ = {
			isa = PBXGroup;
			children = (
				01E955BD2B5F4F2D00CCDB67 /* Rating.swift */,
			);
			path = Views;
			sourceTree = "<group>";
		};
		013C91312ACF6AD900E0F79A /* Utilities */ = {
			isa = PBXGroup;
			children = (
				01DF09BA2ACBA4D000692354 /* Alert.swift */,
				01424CA92B5D6F3900698D3A /* Utils.swift */,
			);
			path = Utilities;
			sourceTree = "<group>";
		};
		013C91322ACF6B6300E0F79A /* Models */ = {
			isa = PBXGroup;
			children = (
				01424CA52B5D544000698D3A /* Hike.swift */,
				01DF09A82ACB010B00692354 /* Summit.swift */,
			);
			path = Models;
			sourceTree = "<group>";
		};
		01828EA72B5EE926009D6D2E /* MapView */ = {
			isa = PBXGroup;
			children = (
				01828EA82B5EE926009D6D2E /* MapView.swift */,
				01828EAC2B5F198D009D6D2E /* SummitMarker.swift */,
				01828EAE2B5F1A46009D6D2E /* ActiveSummitView.swift */,
				01828EB02B5F1CE5009D6D2E /* BackButton.swift */,
			);
			path = MapView;
			sourceTree = "<group>";
		};
		01D613902B5E115F006169A3 /* SummitDetailView */ = {
			isa = PBXGroup;
			children = (
				01B4CEB22AD23EDF00B551A5 /* SummitDetailView.swift */,
				01424CA72B5D6E0600698D3A /* HikeDetailView.swift */,
				017D830A2B62084300DAB12D /* ElevationView.swift */,
			);
			path = SummitDetailView;
			sourceTree = "<group>";
		};
		01DF09B62ACBA25200692354 /* Screens */ = {
			isa = PBXGroup;
			children = (
				01828EA72B5EE926009D6D2E /* MapView */,
				01D613902B5E115F006169A3 /* SummitDetailView */,
				01DF09B72ACBA26700692354 /* SummitListView */,
				01E5287C2AD4295E00AF60FB /* HikeLogView */,
				010ECBAD2AD9824600525BC8 /* AccountView */,
			);
			path = Screens;
			sourceTree = "<group>";
		};
		01DF09B72ACBA26700692354 /* SummitListView */ = {
			isa = PBXGroup;
			children = (
				01DF09B82ACBA28700692354 /* SummitListViewModel.swift */,
				0104446D2ACAECB1004621C6 /* SummitsListView.swift */,
				01DF09AA2ACB2D0000692354 /* SummitListCell.swift */,
				010ECBB02AD9AE3400525BC8 /* EmptyState.swift */,
				01E955B92B5F3DF500CCDB67 /* SummitListFilter.swift */,
			);
			path = SummitListView;
			sourceTree = "<group>";
		};
		01E5287C2AD4295E00AF60FB /* HikeLogView */ = {
			isa = PBXGroup;
			children = (
				01E5287D2AD42A8A00AF60FB /* HikeLogViewModel.swift */,
				01CC32D62AD2EA0200901008 /* HikeLogView.swift */,
				01D8B8B52B6012D800739761 /* ImagePicker.swift */,
			);
			path = HikeLogView;
			sourceTree = "<group>";
		};
/* End PBXGroup section */

/* Begin PBXNativeTarget section */
		0104445B2ACAEC4C004621C6 /* Summits */ = {
			isa = PBXNativeTarget;
			buildConfigurationList = 0104446A2ACAEC4F004621C6 /* Build configuration list for PBXNativeTarget "Summits" */;
			buildPhases = (
				010444582ACAEC4C004621C6 /* Sources */,
				010444592ACAEC4C004621C6 /* Frameworks */,
				0104445A2ACAEC4C004621C6 /* Resources */,
			);
			buildRules = (
			);
			dependencies = (
			);
			name = Summits;
			productName = Summits;
			productReference = 0104445C2ACAEC4C004621C6 /* Summits.app */;
			productType = "com.apple.product-type.application";
		};
/* End PBXNativeTarget section */

/* Begin PBXProject section */
		010444542ACAEC4C004621C6 /* Project object */ = {
			isa = PBXProject;
			attributes = {
				BuildIndependentTargetsInParallel = 1;
				LastSwiftUpdateCheck = 1420;
				LastUpgradeCheck = 1520;
				TargetAttributes = {
					0104445B2ACAEC4C004621C6 = {
						CreatedOnToolsVersion = 14.2;
					};
				};
			};
			buildConfigurationList = 010444572ACAEC4C004621C6 /* Build configuration list for PBXProject "Summits" */;
			compatibilityVersion = "Xcode 14.0";
			developmentRegion = en;
			hasScannedForEncodings = 0;
			knownRegions = (
				en,
				Base,
			);
			mainGroup = 010444532ACAEC4C004621C6;
			productRefGroup = 0104445D2ACAEC4C004621C6 /* Products */;
			projectDirPath = "";
			projectRoot = "";
			targets = (
				0104445B2ACAEC4C004621C6 /* Summits */,
			);
		};
/* End PBXProject section */

/* Begin PBXResourcesBuildPhase section */
		0104445A2ACAEC4C004621C6 /* Resources */ = {
			isa = PBXResourcesBuildPhase;
			buildActionMask = 2147483647;
			files = (
				01DF09B52ACB62A100692354 /* data.json in Resources */,
				010444672ACAEC4F004621C6 /* Preview Assets.xcassets in Resources */,
				0168E40A2B6339AD00A15300 /* version.txt in Resources */,
				010444642ACAEC4F004621C6 /* Assets.xcassets in Resources */,
			);
			runOnlyForDeploymentPostprocessing = 0;
		};
/* End PBXResourcesBuildPhase section */

/* Begin PBXSourcesBuildPhase section */
		010444582ACAEC4C004621C6 /* Sources */ = {
			isa = PBXSourcesBuildPhase;
			buildActionMask = 2147483647;
			files = (
				01828EB12B5F1CE5009D6D2E /* BackButton.swift in Sources */,
				010ECBB12AD9AE3400525BC8 /* EmptyState.swift in Sources */,
				01828EA92B5EE926009D6D2E /* MapView.swift in Sources */,
				01D8B8B62B6012D800739761 /* ImagePicker.swift in Sources */,
				01424CA82B5D6E0600698D3A /* HikeDetailView.swift in Sources */,
				01DF09A92ACB010B00692354 /* Summit.swift in Sources */,
				01DF09B92ACBA28700692354 /* SummitListViewModel.swift in Sources */,
				01CC32D72AD2EA0200901008 /* HikeLogView.swift in Sources */,
				017D830B2B62084300DAB12D /* ElevationView.swift in Sources */,
				01E5287E2AD42A8A00AF60FB /* HikeLogViewModel.swift in Sources */,
				01424CAA2B5D6F3900698D3A /* Utils.swift in Sources */,
				01DF09AB2ACB2D0100692354 /* SummitListCell.swift in Sources */,
				01DF09BB2ACBA4D000692354 /* Alert.swift in Sources */,
				01828EAD2B5F198D009D6D2E /* SummitMarker.swift in Sources */,
				01B4CEB32AD23EDF00B551A5 /* SummitDetailView.swift in Sources */,
				01E955BA2B5F3DF500CCDB67 /* SummitListFilter.swift in Sources */,
				01E955BE2B5F4F2D00CCDB67 /* Rating.swift in Sources */,
				01424CA62B5D544000698D3A /* Hike.swift in Sources */,
				0104446E2ACAECB1004621C6 /* SummitsListView.swift in Sources */,
				010ECBAF2AD9827100525BC8 /* AccountView.swift in Sources */,
				010444602ACAEC4C004621C6 /* SummitsApp.swift in Sources */,
				01828EAF2B5F1A46009D6D2E /* ActiveSummitView.swift in Sources */,
			);
			runOnlyForDeploymentPostprocessing = 0;
		};
/* End PBXSourcesBuildPhase section */

/* Begin XCBuildConfiguration section */
		010444682ACAEC4F004621C6 /* Debug */ = {
			isa = XCBuildConfiguration;
			buildSettings = {
				ALWAYS_SEARCH_USER_PATHS = NO;
				ASSETCATALOG_COMPILER_GENERATE_SWIFT_ASSET_SYMBOL_EXTENSIONS = YES;
				CLANG_ANALYZER_NONNULL = YES;
				CLANG_ANALYZER_NUMBER_OBJECT_CONVERSION = YES_AGGRESSIVE;
				CLANG_CXX_LANGUAGE_STANDARD = "gnu++20";
				CLANG_ENABLE_MODULES = YES;
				CLANG_ENABLE_OBJC_ARC = YES;
				CLANG_ENABLE_OBJC_WEAK = YES;
				CLANG_WARN_BLOCK_CAPTURE_AUTORELEASING = YES;
				CLANG_WARN_BOOL_CONVERSION = YES;
				CLANG_WARN_COMMA = YES;
				CLANG_WARN_CONSTANT_CONVERSION = YES;
				CLANG_WARN_DEPRECATED_OBJC_IMPLEMENTATIONS = YES;
				CLANG_WARN_DIRECT_OBJC_ISA_USAGE = YES_ERROR;
				CLANG_WARN_DOCUMENTATION_COMMENTS = YES;
				CLANG_WARN_EMPTY_BODY = YES;
				CLANG_WARN_ENUM_CONVERSION = YES;
				CLANG_WARN_INFINITE_RECURSION = YES;
				CLANG_WARN_INT_CONVERSION = YES;
				CLANG_WARN_NON_LITERAL_NULL_CONVERSION = YES;
				CLANG_WARN_OBJC_IMPLICIT_RETAIN_SELF = YES;
				CLANG_WARN_OBJC_LITERAL_CONVERSION = YES;
				CLANG_WARN_OBJC_ROOT_CLASS = YES_ERROR;
				CLANG_WARN_QUOTED_INCLUDE_IN_FRAMEWORK_HEADER = YES;
				CLANG_WARN_RANGE_LOOP_ANALYSIS = YES;
				CLANG_WARN_STRICT_PROTOTYPES = YES;
				CLANG_WARN_SUSPICIOUS_MOVE = YES;
				CLANG_WARN_UNGUARDED_AVAILABILITY = YES_AGGRESSIVE;
				CLANG_WARN_UNREACHABLE_CODE = YES;
				CLANG_WARN__DUPLICATE_METHOD_MATCH = YES;
				COPY_PHASE_STRIP = NO;
				DEBUG_INFORMATION_FORMAT = dwarf;
				ENABLE_STRICT_OBJC_MSGSEND = YES;
				ENABLE_TESTABILITY = YES;
				ENABLE_USER_SCRIPT_SANDBOXING = YES;
				GCC_C_LANGUAGE_STANDARD = gnu11;
				GCC_DYNAMIC_NO_PIC = NO;
				GCC_NO_COMMON_BLOCKS = YES;
				GCC_OPTIMIZATION_LEVEL = 0;
				GCC_PREPROCESSOR_DEFINITIONS = (
					"DEBUG=1",
					"$(inherited)",
				);
				GCC_WARN_64_TO_32_BIT_CONVERSION = YES;
				GCC_WARN_ABOUT_RETURN_TYPE = YES_ERROR;
				GCC_WARN_UNDECLARED_SELECTOR = YES;
				GCC_WARN_UNINITIALIZED_AUTOS = YES_AGGRESSIVE;
				GCC_WARN_UNUSED_FUNCTION = YES;
				GCC_WARN_UNUSED_VARIABLE = YES;
				IPHONEOS_DEPLOYMENT_TARGET = 17.0;
				MTL_ENABLE_DEBUG_INFO = INCLUDE_SOURCE;
				MTL_FAST_MATH = YES;
				ONLY_ACTIVE_ARCH = YES;
				SDKROOT = iphoneos;
				SWIFT_ACTIVE_COMPILATION_CONDITIONS = DEBUG;
				SWIFT_OPTIMIZATION_LEVEL = "-Onone";
			};
			name = Debug;
		};
		010444692ACAEC4F004621C6 /* Release */ = {
			isa = XCBuildConfiguration;
			buildSettings = {
				ALWAYS_SEARCH_USER_PATHS = NO;
				ASSETCATALOG_COMPILER_GENERATE_SWIFT_ASSET_SYMBOL_EXTENSIONS = YES;
				CLANG_ANALYZER_NONNULL = YES;
				CLANG_ANALYZER_NUMBER_OBJECT_CONVERSION = YES_AGGRESSIVE;
				CLANG_CXX_LANGUAGE_STANDARD = "gnu++20";
				CLANG_ENABLE_MODULES = YES;
				CLANG_ENABLE_OBJC_ARC = YES;
				CLANG_ENABLE_OBJC_WEAK = YES;
				CLANG_WARN_BLOCK_CAPTURE_AUTORELEASING = YES;
				CLANG_WARN_BOOL_CONVERSION = YES;
				CLANG_WARN_COMMA = YES;
				CLANG_WARN_CONSTANT_CONVERSION = YES;
				CLANG_WARN_DEPRECATED_OBJC_IMPLEMENTATIONS = YES;
				CLANG_WARN_DIRECT_OBJC_ISA_USAGE = YES_ERROR;
				CLANG_WARN_DOCUMENTATION_COMMENTS = YES;
				CLANG_WARN_EMPTY_BODY = YES;
				CLANG_WARN_ENUM_CONVERSION = YES;
				CLANG_WARN_INFINITE_RECURSION = YES;
				CLANG_WARN_INT_CONVERSION = YES;
				CLANG_WARN_NON_LITERAL_NULL_CONVERSION = YES;
				CLANG_WARN_OBJC_IMPLICIT_RETAIN_SELF = YES;
				CLANG_WARN_OBJC_LITERAL_CONVERSION = YES;
				CLANG_WARN_OBJC_ROOT_CLASS = YES_ERROR;
				CLANG_WARN_QUOTED_INCLUDE_IN_FRAMEWORK_HEADER = YES;
				CLANG_WARN_RANGE_LOOP_ANALYSIS = YES;
				CLANG_WARN_STRICT_PROTOTYPES = YES;
				CLANG_WARN_SUSPICIOUS_MOVE = YES;
				CLANG_WARN_UNGUARDED_AVAILABILITY = YES_AGGRESSIVE;
				CLANG_WARN_UNREACHABLE_CODE = YES;
				CLANG_WARN__DUPLICATE_METHOD_MATCH = YES;
				COPY_PHASE_STRIP = NO;
				DEBUG_INFORMATION_FORMAT = "dwarf-with-dsym";
				ENABLE_NS_ASSERTIONS = NO;
				ENABLE_STRICT_OBJC_MSGSEND = YES;
				ENABLE_USER_SCRIPT_SANDBOXING = YES;
				GCC_C_LANGUAGE_STANDARD = gnu11;
				GCC_NO_COMMON_BLOCKS = YES;
				GCC_WARN_64_TO_32_BIT_CONVERSION = YES;
				GCC_WARN_ABOUT_RETURN_TYPE = YES_ERROR;
				GCC_WARN_UNDECLARED_SELECTOR = YES;
				GCC_WARN_UNINITIALIZED_AUTOS = YES_AGGRESSIVE;
				GCC_WARN_UNUSED_FUNCTION = YES;
				GCC_WARN_UNUSED_VARIABLE = YES;
				IPHONEOS_DEPLOYMENT_TARGET = 17.0;
				MTL_ENABLE_DEBUG_INFO = NO;
				MTL_FAST_MATH = YES;
				SDKROOT = iphoneos;
				SWIFT_COMPILATION_MODE = wholemodule;
				SWIFT_OPTIMIZATION_LEVEL = "-O";
				VALIDATE_PRODUCT = YES;
			};
			name = Release;
		};
		0104446B2ACAEC4F004621C6 /* Debug */ = {
			isa = XCBuildConfiguration;
			buildSettings = {
				ASSETCATALOG_COMPILER_APPICON_NAME = AppIcon;
				ASSETCATALOG_COMPILER_GLOBAL_ACCENT_COLOR_NAME = AccentColor;
				CODE_SIGN_STYLE = Automatic;
				CURRENT_PROJECT_VERSION = 1;
				DEVELOPMENT_ASSET_PATHS = "\"Summits/Preview Content\"";
				DEVELOPMENT_TEAM = KVCUQ2LMJC;
				ENABLE_PREVIEWS = YES;
				GENERATE_INFOPLIST_FILE = YES;
				INFOPLIST_FILE = Summits/Info.plist;
				INFOPLIST_KEY_CFBundleDisplayName = "4000 Footers";
				INFOPLIST_KEY_LSApplicationCategoryType = "public.app-category.healthcare-fitness";
				INFOPLIST_KEY_UIApplicationSceneManifest_Generation = YES;
				INFOPLIST_KEY_UIApplicationSupportsIndirectInputEvents = YES;
				INFOPLIST_KEY_UILaunchScreen_Generation = YES;
				INFOPLIST_KEY_UISupportedInterfaceOrientations = UIInterfaceOrientationPortrait;
				INFOPLIST_KEY_UISupportedInterfaceOrientations_iPad = "UIInterfaceOrientationLandscapeLeft UIInterfaceOrientationLandscapeRight UIInterfaceOrientationPortrait UIInterfaceOrientationPortraitUpsideDown";
				INFOPLIST_KEY_UIUserInterfaceStyle = Light;
				LD_RUNPATH_SEARCH_PATHS = (
					"$(inherited)",
					"@executable_path/Frameworks",
				);
				MARKETING_VERSION = 1.0;
				PRODUCT_BUNDLE_IDENTIFIER = com.nickschaefer.Summits;
				PRODUCT_NAME = "$(TARGET_NAME)";
				SUPPORTED_PLATFORMS = "iphoneos iphonesimulator";
				SUPPORTS_MACCATALYST = NO;
				SUPPORTS_MAC_DESIGNED_FOR_IPHONE_IPAD = NO;
				SUPPORTS_XR_DESIGNED_FOR_IPHONE_IPAD = NO;
				SWIFT_EMIT_LOC_STRINGS = YES;
				SWIFT_VERSION = 5.0;
				TARGETED_DEVICE_FAMILY = 1;
			};
			name = Debug;
		};
		0104446C2ACAEC4F004621C6 /* Release */ = {
			isa = XCBuildConfiguration;
			buildSettings = {
				ASSETCATALOG_COMPILER_APPICON_NAME = AppIcon;
				ASSETCATALOG_COMPILER_GLOBAL_ACCENT_COLOR_NAME = AccentColor;
				CODE_SIGN_STYLE = Automatic;
				CURRENT_PROJECT_VERSION = 1;
				DEVELOPMENT_ASSET_PATHS = "\"Summits/Preview Content\"";
				DEVELOPMENT_TEAM = KVCUQ2LMJC;
				ENABLE_PREVIEWS = YES;
				GENERATE_INFOPLIST_FILE = YES;
				INFOPLIST_FILE = Summits/Info.plist;
				INFOPLIST_KEY_CFBundleDisplayName = "4000 Footers";
				INFOPLIST_KEY_LSApplicationCategoryType = "public.app-category.healthcare-fitness";
				INFOPLIST_KEY_UIApplicationSceneManifest_Generation = YES;
				INFOPLIST_KEY_UIApplicationSupportsIndirectInputEvents = YES;
				INFOPLIST_KEY_UILaunchScreen_Generation = YES;
				INFOPLIST_KEY_UISupportedInterfaceOrientations = UIInterfaceOrientationPortrait;
				INFOPLIST_KEY_UISupportedInterfaceOrientations_iPad = "UIInterfaceOrientationLandscapeLeft UIInterfaceOrientationLandscapeRight UIInterfaceOrientationPortrait UIInterfaceOrientationPortraitUpsideDown";
				INFOPLIST_KEY_UIUserInterfaceStyle = Light;
				LD_RUNPATH_SEARCH_PATHS = (
					"$(inherited)",
					"@executable_path/Frameworks",
				);
				MARKETING_VERSION = 1.0;
				PRODUCT_BUNDLE_IDENTIFIER = com.nickschaefer.Summits;
				PRODUCT_NAME = "$(TARGET_NAME)";
				SUPPORTED_PLATFORMS = "iphoneos iphonesimulator";
				SUPPORTS_MACCATALYST = NO;
				SUPPORTS_MAC_DESIGNED_FOR_IPHONE_IPAD = NO;
				SUPPORTS_XR_DESIGNED_FOR_IPHONE_IPAD = NO;
				SWIFT_EMIT_LOC_STRINGS = YES;
				SWIFT_VERSION = 5.0;
				TARGETED_DEVICE_FAMILY = 1;
			};
			name = Release;
		};
/* End XCBuildConfiguration section */

/* Begin XCConfigurationList section */
		010444572ACAEC4C004621C6 /* Build configuration list for PBXProject "Summits" */ = {
			isa = XCConfigurationList;
			buildConfigurations = (
				010444682ACAEC4F004621C6 /* Debug */,
				010444692ACAEC4F004621C6 /* Release */,
			);
			defaultConfigurationIsVisible = 0;
			defaultConfigurationName = Release;
		};
		0104446A2ACAEC4F004621C6 /* Build configuration list for PBXNativeTarget "Summits" */ = {
			isa = XCConfigurationList;
			buildConfigurations = (
				0104446B2ACAEC4F004621C6 /* Debug */,
				0104446C2ACAEC4F004621C6 /* Release */,
			);
			defaultConfigurationIsVisible = 0;
			defaultConfigurationName = Release;
		};
/* End XCConfigurationList section */
	};
	rootObject = 010444542ACAEC4C004621C6 /* Project object */;
}
